{
  "name": "03-prueba",
  "version": "1.0.0",
  "lockfileVersion": 3,
  "requires": true,
  "packages": {
    "": {
      "name": "03-prueba",
      "version": "1.0.0",
      "license": "ISC",
      "dependencies": {
        "calculadora70165": "^2.0.0"
      }
    },
    "node_modules/calculadora70165": {
      "version": "2.0.0",
      "resolved": "https://registry.npmjs.org/calculadora70165/-/calculadora70165-2.0.0.tgz",
      "integrity": "sha512-BNUNSZqav8ZAZS8n5/mp4bQ8FXdTVxr2wES/RV+8tfIjqUtzTLfAxbkIfhJnGdFfsmiTVNH0iuKqkCqPvq2eQQ==",
      "license": "ISC"
    }
  }
}
